// !$*UTF8*$!
{
	archiveVersion = 1;
	classes = {
	};
	objectVersion = 56;
	objects = {

/* Begin PBXBuildFile section */
		57295110294D9F1900742E40 /* LogoutViewController.swift in Sources */ = {isa = PBXBuildFile; fileRef = 5729510F294D9F1900742E40 /* LogoutViewController.swift */; };
		572951132950807000742E40 /* UserNetManager.swift in Sources */ = {isa = PBXBuildFile; fileRef = 572951122950807000742E40 /* UserNetManager.swift */; };
		5729511529508D4900742E40 /* PostNetManager.swift in Sources */ = {isa = PBXBuildFile; fileRef = 5729511429508D4900742E40 /* PostNetManager.swift */; };
		572951172950C51000742E40 /* DetailPostViewController.swift in Sources */ = {isa = PBXBuildFile; fileRef = 572951162950C51000742E40 /* DetailPostViewController.swift */; };
		5729511929523F6400742E40 /* ProfileEditViewController.swift in Sources */ = {isa = PBXBuildFile; fileRef = 5729511829523F6400742E40 /* ProfileEditViewController.swift */; };
		5729511B295377C300742E40 /* MultipartFormDataRequest.swift in Sources */ = {isa = PBXBuildFile; fileRef = 5729511A295377C300742E40 /* MultipartFormDataRequest.swift */; };
		5729511D295377E500742E40 /* NSMutableData+Ext.swift in Sources */ = {isa = PBXBuildFile; fileRef = 5729511C295377E500742E40 /* NSMutableData+Ext.swift */; };
		573261512938EDDD00C16D3A /* MyPageViewController.swift in Sources */ = {isa = PBXBuildFile; fileRef = 573261502938EDDD00C16D3A /* MyPageViewController.swift */; };
		57326A49293C8C58003B7343 /* NewPostViewController.swift in Sources */ = {isa = PBXBuildFile; fileRef = 57326A48293C8C58003B7343 /* NewPostViewController.swift */; };
		57326A4D293DE469003B7343 /* User.swift in Sources */ = {isa = PBXBuildFile; fileRef = 57326A4C293DE469003B7343 /* User.swift */; };
		57326A4F2940AB27003B7343 /* PhotoSelectorViewController.swift in Sources */ = {isa = PBXBuildFile; fileRef = 57326A4E2940AB27003B7343 /* PhotoSelectorViewController.swift */; };
		57326A512940AD8C003B7343 /* PhotoCell.swift in Sources */ = {isa = PBXBuildFile; fileRef = 57326A502940AD8C003B7343 /* PhotoCell.swift */; };
		57326A5429420779003B7343 /* UIImageView+Ext.swift in Sources */ = {isa = PBXBuildFile; fileRef = 57326A5329420779003B7343 /* UIImageView+Ext.swift */; };
		57326A5629450464003B7343 /* Post.swift in Sources */ = {isa = PBXBuildFile; fileRef = 57326A5529450464003B7343 /* Post.swift */; };
		57326A582945C8C4003B7343 /* UserManager.swift in Sources */ = {isa = PBXBuildFile; fileRef = 57326A572945C8C4003B7343 /* UserManager.swift */; };
		57568A892934934100D65507 /* AppDelegate.swift in Sources */ = {isa = PBXBuildFile; fileRef = 57568A882934934100D65507 /* AppDelegate.swift */; };
		57568A8B2934934100D65507 /* SceneDelegate.swift in Sources */ = {isa = PBXBuildFile; fileRef = 57568A8A2934934100D65507 /* SceneDelegate.swift */; };
		57568A8D2934934100D65507 /* ViewController.swift in Sources */ = {isa = PBXBuildFile; fileRef = 57568A8C2934934100D65507 /* ViewController.swift */; };
		57568A902934934100D65507 /* Main.storyboard in Resources */ = {isa = PBXBuildFile; fileRef = 57568A8E2934934100D65507 /* Main.storyboard */; };
		57568A922934934200D65507 /* Assets.xcassets in Resources */ = {isa = PBXBuildFile; fileRef = 57568A912934934200D65507 /* Assets.xcassets */; };
		57568A952934934200D65507 /* LaunchScreen.storyboard in Resources */ = {isa = PBXBuildFile; fileRef = 57568A932934934200D65507 /* LaunchScreen.storyboard */; };
		57568AA029349C9600D65507 /* JoinViewController.swift in Sources */ = {isa = PBXBuildFile; fileRef = 57568A9F29349C9600D65507 /* JoinViewController.swift */; };
		57568AA22934A1D700D65507 /* HomeViewController.swift in Sources */ = {isa = PBXBuildFile; fileRef = 57568AA12934A1D700D65507 /* HomeViewController.swift */; };
		57E93E3B29378BE10005A55C /* FeedCell.swift in Sources */ = {isa = PBXBuildFile; fileRef = 57E93E3929378BE10005A55C /* FeedCell.swift */; };
		57E93E3C29378BE10005A55C /* FeedCell.xib in Resources */ = {isa = PBXBuildFile; fileRef = 57E93E3A29378BE10005A55C /* FeedCell.xib */; };
		57EFA051293664EF00E46089 /* billabong.otf in Resources */ = {isa = PBXBuildFile; fileRef = 57EFA050293664EF00E46089 /* billabong.otf */; };
		95A237A12939CB6F0041498C /* AddNameController.swift in Sources */ = {isa = PBXBuildFile; fileRef = 95A237A02939CB6F0041498C /* AddNameController.swift */; };
		95D6A42029438CDE0042645B /* CreatePwdController.swift in Sources */ = {isa = PBXBuildFile; fileRef = 95D6A41F29438CDE0042645B /* CreatePwdController.swift */; };
/* End PBXBuildFile section */

/* Begin PBXFileReference section */
		5729510F294D9F1900742E40 /* LogoutViewController.swift */ = {isa = PBXFileReference; lastKnownFileType = sourcecode.swift; path = LogoutViewController.swift; sourceTree = "<group>"; };
		572951122950807000742E40 /* UserNetManager.swift */ = {isa = PBXFileReference; lastKnownFileType = sourcecode.swift; path = UserNetManager.swift; sourceTree = "<group>"; };
		5729511429508D4900742E40 /* PostNetManager.swift */ = {isa = PBXFileReference; lastKnownFileType = sourcecode.swift; path = PostNetManager.swift; sourceTree = "<group>"; };
		572951162950C51000742E40 /* DetailPostViewController.swift */ = {isa = PBXFileReference; lastKnownFileType = sourcecode.swift; path = DetailPostViewController.swift; sourceTree = "<group>"; };
		5729511829523F6400742E40 /* ProfileEditViewController.swift */ = {isa = PBXFileReference; lastKnownFileType = sourcecode.swift; path = ProfileEditViewController.swift; sourceTree = "<group>"; };
		5729511A295377C300742E40 /* MultipartFormDataRequest.swift */ = {isa = PBXFileReference; lastKnownFileType = sourcecode.swift; path = MultipartFormDataRequest.swift; sourceTree = "<group>"; };
		5729511C295377E500742E40 /* NSMutableData+Ext.swift */ = {isa = PBXFileReference; lastKnownFileType = sourcecode.swift; path = "NSMutableData+Ext.swift"; sourceTree = "<group>"; };
		573261502938EDDD00C16D3A /* MyPageViewController.swift */ = {isa = PBXFileReference; lastKnownFileType = sourcecode.swift; path = MyPageViewController.swift; sourceTree = "<group>"; };
		57326A48293C8C58003B7343 /* NewPostViewController.swift */ = {isa = PBXFileReference; lastKnownFileType = sourcecode.swift; path = NewPostViewController.swift; sourceTree = "<group>"; };
		57326A4C293DE469003B7343 /* User.swift */ = {isa = PBXFileReference; lastKnownFileType = sourcecode.swift; path = User.swift; sourceTree = "<group>"; };
		57326A4E2940AB27003B7343 /* PhotoSelectorViewController.swift */ = {isa = PBXFileReference; lastKnownFileType = sourcecode.swift; path = PhotoSelectorViewController.swift; sourceTree = "<group>"; };
		57326A502940AD8C003B7343 /* PhotoCell.swift */ = {isa = PBXFileReference; lastKnownFileType = sourcecode.swift; path = PhotoCell.swift; sourceTree = "<group>"; };
		57326A5329420779003B7343 /* UIImageView+Ext.swift */ = {isa = PBXFileReference; lastKnownFileType = sourcecode.swift; path = "UIImageView+Ext.swift"; sourceTree = "<group>"; };
		57326A5529450464003B7343 /* Post.swift */ = {isa = PBXFileReference; lastKnownFileType = sourcecode.swift; path = Post.swift; sourceTree = "<group>"; };
		57326A572945C8C4003B7343 /* UserManager.swift */ = {isa = PBXFileReference; lastKnownFileType = sourcecode.swift; path = UserManager.swift; sourceTree = "<group>"; };
		57568A852934934100D65507 /* sprios_ios.app */ = {isa = PBXFileReference; explicitFileType = wrapper.application; includeInIndex = 0; path = sprios_ios.app; sourceTree = BUILT_PRODUCTS_DIR; };
		57568A882934934100D65507 /* AppDelegate.swift */ = {isa = PBXFileReference; lastKnownFileType = sourcecode.swift; path = AppDelegate.swift; sourceTree = "<group>"; };
		57568A8A2934934100D65507 /* SceneDelegate.swift */ = {isa = PBXFileReference; lastKnownFileType = sourcecode.swift; path = SceneDelegate.swift; sourceTree = "<group>"; };
		57568A8C2934934100D65507 /* ViewController.swift */ = {isa = PBXFileReference; lastKnownFileType = sourcecode.swift; path = ViewController.swift; sourceTree = "<group>"; };
		57568A8F2934934100D65507 /* Base */ = {isa = PBXFileReference; lastKnownFileType = file.storyboard; name = Base; path = Base.lproj/Main.storyboard; sourceTree = "<group>"; };
		57568A912934934200D65507 /* Assets.xcassets */ = {isa = PBXFileReference; lastKnownFileType = folder.assetcatalog; path = Assets.xcassets; sourceTree = "<group>"; };
		57568A942934934200D65507 /* Base */ = {isa = PBXFileReference; lastKnownFileType = file.storyboard; name = Base; path = Base.lproj/LaunchScreen.storyboard; sourceTree = "<group>"; };
		57568A962934934200D65507 /* Info.plist */ = {isa = PBXFileReference; lastKnownFileType = text.plist.xml; path = Info.plist; sourceTree = "<group>"; };
		57568A9F29349C9600D65507 /* JoinViewController.swift */ = {isa = PBXFileReference; lastKnownFileType = sourcecode.swift; path = JoinViewController.swift; sourceTree = "<group>"; };
		57568AA12934A1D700D65507 /* HomeViewController.swift */ = {isa = PBXFileReference; lastKnownFileType = sourcecode.swift; path = HomeViewController.swift; sourceTree = "<group>"; };
		57E93E3929378BE10005A55C /* FeedCell.swift */ = {isa = PBXFileReference; lastKnownFileType = sourcecode.swift; path = FeedCell.swift; sourceTree = "<group>"; };
		57E93E3A29378BE10005A55C /* FeedCell.xib */ = {isa = PBXFileReference; lastKnownFileType = file.xib; path = FeedCell.xib; sourceTree = "<group>"; };
		57EFA050293664EF00E46089 /* billabong.otf */ = {isa = PBXFileReference; lastKnownFileType = file; path = billabong.otf; sourceTree = "<group>"; };
		95A237A02939CB6F0041498C /* AddNameController.swift */ = {isa = PBXFileReference; lastKnownFileType = sourcecode.swift; path = AddNameController.swift; sourceTree = "<group>"; };
		95D6A41F29438CDE0042645B /* CreatePwdController.swift */ = {isa = PBXFileReference; lastKnownFileType = sourcecode.swift; path = CreatePwdController.swift; sourceTree = "<group>"; };
/* End PBXFileReference section */

/* Begin PBXFrameworksBuildPhase section */
		57568A822934934100D65507 /* Frameworks */ = {
			isa = PBXFrameworksBuildPhase;
			buildActionMask = 2147483647;
			files = (
			);
			runOnlyForDeploymentPostprocessing = 0;
		};
/* End PBXFrameworksBuildPhase section */

/* Begin PBXGroup section */
		572951112950802100742E40 /* Networking */ = {
			isa = PBXGroup;
			children = (
				572951122950807000742E40 /* UserNetManager.swift */,
				5729511429508D4900742E40 /* PostNetManager.swift */,
			);
			path = Networking;
			sourceTree = "<group>";
		};
		57326A4A293C8E36003B7343 /* Home */ = {
			isa = PBXGroup;
			children = (
				57E93E3929378BE10005A55C /* FeedCell.swift */,
				57E93E3A29378BE10005A55C /* FeedCell.xib */,
			);
			path = Home;
			sourceTree = "<group>";
		};
		57326A4B293C8E4F003B7343 /* Home */ = {
			isa = PBXGroup;
			children = (
				57568AA12934A1D700D65507 /* HomeViewController.swift */,
			);
			path = Home;
			sourceTree = "<group>";
		};
		57326A5229420757003B7343 /* Extensions */ = {
			isa = PBXGroup;
			children = (
				57326A5329420779003B7343 /* UIImageView+Ext.swift */,
				5729511C295377E500742E40 /* NSMutableData+Ext.swift */,
			);
			path = Extensions;
			sourceTree = "<group>";
		};
		57568A7C2934934100D65507 = {
			isa = PBXGroup;
			children = (
				57568A872934934100D65507 /* sprios_ios */,
				57568A862934934100D65507 /* Products */,
			);
			sourceTree = "<group>";
		};
		57568A862934934100D65507 /* Products */ = {
			isa = PBXGroup;
			children = (
				57568A852934934100D65507 /* sprios_ios.app */,
			);
			name = Products;
			sourceTree = "<group>";
		};
		57568A872934934100D65507 /* sprios_ios */ = {
			isa = PBXGroup;
			children = (
				57568A882934934100D65507 /* AppDelegate.swift */,
				57568A8A2934934100D65507 /* SceneDelegate.swift */,
				57326A5229420757003B7343 /* Extensions */,
				57EFA04F293664DD00E46089 /* Font */,
				572951112950802100742E40 /* Networking */,
				57568A9E29349C3500D65507 /* Models */,
				57568A9D29349C3000D65507 /* Views */,
				57568A9C29349C2800D65507 /* Controllers */,
				57568A8E2934934100D65507 /* Main.storyboard */,
				57568A912934934200D65507 /* Assets.xcassets */,
				57568A932934934200D65507 /* LaunchScreen.storyboard */,
				57568A962934934200D65507 /* Info.plist */,
			);
			path = sprios_ios;
			sourceTree = "<group>";
		};
		57568A9C29349C2800D65507 /* Controllers */ = {
			isa = PBXGroup;
			children = (
				57326A4B293C8E4F003B7343 /* Home */,
				957835DE293920C300A8FC51 /* signUp */,
				57568A8C2934934100D65507 /* ViewController.swift */,
				57326A48293C8C58003B7343 /* NewPostViewController.swift */,
				573261502938EDDD00C16D3A /* MyPageViewController.swift */,
				57326A4E2940AB27003B7343 /* PhotoSelectorViewController.swift */,
				5729510F294D9F1900742E40 /* LogoutViewController.swift */,
				572951162950C51000742E40 /* DetailPostViewController.swift */,
				5729511829523F6400742E40 /* ProfileEditViewController.swift */,
			);
			path = Controllers;
			sourceTree = "<group>";
		};
		57568A9D29349C3000D65507 /* Views */ = {
			isa = PBXGroup;
			children = (
				57326A4A293C8E36003B7343 /* Home */,
				57326A502940AD8C003B7343 /* PhotoCell.swift */,
			);
			path = Views;
			sourceTree = "<group>";
		};
		57568A9E29349C3500D65507 /* Models */ = {
			isa = PBXGroup;
			children = (
				57326A4C293DE469003B7343 /* User.swift */,
				57326A5529450464003B7343 /* Post.swift */,
				57326A572945C8C4003B7343 /* UserManager.swift */,
				5729511A295377C300742E40 /* MultipartFormDataRequest.swift */,
			);
			path = Models;
			sourceTree = "<group>";
		};
		57EFA04F293664DD00E46089 /* Font */ = {
			isa = PBXGroup;
			children = (
				57EFA050293664EF00E46089 /* billabong.otf */,
			);
			path = Font;
			sourceTree = "<group>";
		};
		957835DE293920C300A8FC51 /* signUp */ = {
			isa = PBXGroup;
			children = (
				57568A9F29349C9600D65507 /* JoinViewController.swift */,
				95A237A02939CB6F0041498C /* AddNameController.swift */,
				95D6A41F29438CDE0042645B /* CreatePwdController.swift */,
			);
			path = signUp;
			sourceTree = "<group>";
		};
/* End PBXGroup section */

/* Begin PBXNativeTarget section */
		57568A842934934100D65507 /* sprios_ios */ = {
			isa = PBXNativeTarget;
			buildConfigurationList = 57568A992934934200D65507 /* Build configuration list for PBXNativeTarget "sprios_ios" */;
			buildPhases = (
				57568A812934934100D65507 /* Sources */,
				57568A822934934100D65507 /* Frameworks */,
				57568A832934934100D65507 /* Resources */,
			);
			buildRules = (
			);
			dependencies = (
			);
			name = sprios_ios;
			productName = sprios_ios;
			productReference = 57568A852934934100D65507 /* sprios_ios.app */;
			productType = "com.apple.product-type.application";
		};
/* End PBXNativeTarget section */

/* Begin PBXProject section */
		57568A7D2934934100D65507 /* Project object */ = {
			isa = PBXProject;
			attributes = {
				BuildIndependentTargetsInParallel = 1;
				LastSwiftUpdateCheck = 1410;
				LastUpgradeCheck = 1410;
				TargetAttributes = {
					57568A842934934100D65507 = {
						CreatedOnToolsVersion = 14.1;
					};
				};
			};
			buildConfigurationList = 57568A802934934100D65507 /* Build configuration list for PBXProject "sprios_ios" */;
			compatibilityVersion = "Xcode 14.0";
			developmentRegion = en;
			hasScannedForEncodings = 0;
			knownRegions = (
				en,
				Base,
			);
			mainGroup = 57568A7C2934934100D65507;
			productRefGroup = 57568A862934934100D65507 /* Products */;
			projectDirPath = "";
			projectRoot = "";
			targets = (
				57568A842934934100D65507 /* sprios_ios */,
			);
		};
/* End PBXProject section */

/* Begin PBXResourcesBuildPhase section */
		57568A832934934100D65507 /* Resources */ = {
			isa = PBXResourcesBuildPhase;
			buildActionMask = 2147483647;
			files = (
				57568A952934934200D65507 /* LaunchScreen.storyboard in Resources */,
				57568A922934934200D65507 /* Assets.xcassets in Resources */,
				57EFA051293664EF00E46089 /* billabong.otf in Resources */,
				57568A902934934100D65507 /* Main.storyboard in Resources */,
				57E93E3C29378BE10005A55C /* FeedCell.xib in Resources */,
			);
			runOnlyForDeploymentPostprocessing = 0;
		};
/* End PBXResourcesBuildPhase section */

/* Begin PBXSourcesBuildPhase section */
		57568A812934934100D65507 /* Sources */ = {
			isa = PBXSourcesBuildPhase;
			buildActionMask = 2147483647;
			files = (
				57568AA22934A1D700D65507 /* HomeViewController.swift in Sources */,
				5729511929523F6400742E40 /* ProfileEditViewController.swift in Sources */,
				57568A8D2934934100D65507 /* ViewController.swift in Sources */,
				573261512938EDDD00C16D3A /* MyPageViewController.swift in Sources */,
				5729511B295377C300742E40 /* MultipartFormDataRequest.swift in Sources */,
				57568A892934934100D65507 /* AppDelegate.swift in Sources */,
				57568AA029349C9600D65507 /* JoinViewController.swift in Sources */,
				57326A5429420779003B7343 /* UIImageView+Ext.swift in Sources */,
				57326A512940AD8C003B7343 /* PhotoCell.swift in Sources */,
				57326A4F2940AB27003B7343 /* PhotoSelectorViewController.swift in Sources */,
				57326A5629450464003B7343 /* Post.swift in Sources */,
				572951172950C51000742E40 /* DetailPostViewController.swift in Sources */,
				5729511D295377E500742E40 /* NSMutableData+Ext.swift in Sources */,
				57568A8B2934934100D65507 /* SceneDelegate.swift in Sources */,
				57E93E3B29378BE10005A55C /* FeedCell.swift in Sources */,
				5729511529508D4900742E40 /* PostNetManager.swift in Sources */,
				95D6A42029438CDE0042645B /* CreatePwdController.swift in Sources */,
				572951132950807000742E40 /* UserNetManager.swift in Sources */,
				95A237A12939CB6F0041498C /* AddNameController.swift in Sources */,
				57326A49293C8C58003B7343 /* NewPostViewController.swift in Sources */,
				57326A4D293DE469003B7343 /* User.swift in Sources */,
				57295110294D9F1900742E40 /* LogoutViewController.swift in Sources */,
				57326A582945C8C4003B7343 /* UserManager.swift in Sources */,
			);
			runOnlyForDeploymentPostprocessing = 0;
		};
/* End PBXSourcesBuildPhase section */

/* Begin PBXVariantGroup section */
		57568A8E2934934100D65507 /* Main.storyboard */ = {
			isa = PBXVariantGroup;
			children = (
				57568A8F2934934100D65507 /* Base */,
			);
			name = Main.storyboard;
			sourceTree = "<group>";
		};
		57568A932934934200D65507 /* LaunchScreen.storyboard */ = {
			isa = PBXVariantGroup;
			children = (
				57568A942934934200D65507 /* Base */,
			);
			name = LaunchScreen.storyboard;
			sourceTree = "<group>";
		};
/* End PBXVariantGroup section */

/* Begin XCBuildConfiguration section */
		57568A972934934200D65507 /* Debug */ = {
			isa = XCBuildConfiguration;
			buildSettings = {
				ALWAYS_SEARCH_USER_PATHS = NO;
				CLANG_ANALYZER_NONNULL = YES;
				CLANG_ANALYZER_NUMBER_OBJECT_CONVERSION = YES_AGGRESSIVE;
				CLANG_CXX_LANGUAGE_STANDARD = "gnu++20";
				CLANG_ENABLE_MODULES = YES;
				CLANG_ENABLE_OBJC_ARC = YES;
				CLANG_ENABLE_OBJC_WEAK = YES;
				CLANG_WARN_BLOCK_CAPTURE_AUTORELEASING = YES;
				CLANG_WARN_BOOL_CONVERSION = YES;
				CLANG_WARN_COMMA = YES;
				CLANG_WARN_CONSTANT_CONVERSION = YES;
				CLANG_WARN_DEPRECATED_OBJC_IMPLEMENTATIONS = YES;
				CLANG_WARN_DIRECT_OBJC_ISA_USAGE = YES_ERROR;
				CLANG_WARN_DOCUMENTATION_COMMENTS = YES;
				CLANG_WARN_EMPTY_BODY = YES;
				CLANG_WARN_ENUM_CONVERSION = YES;
				CLANG_WARN_INFINITE_RECURSION = YES;
				CLANG_WARN_INT_CONVERSION = YES;
				CLANG_WARN_NON_LITERAL_NULL_CONVERSION = YES;
				CLANG_WARN_OBJC_IMPLICIT_RETAIN_SELF = YES;
				CLANG_WARN_OBJC_LITERAL_CONVERSION = YES;
				CLANG_WARN_OBJC_ROOT_CLASS = YES_ERROR;
				CLANG_WARN_QUOTED_INCLUDE_IN_FRAMEWORK_HEADER = YES;
				CLANG_WARN_RANGE_LOOP_ANALYSIS = YES;
				CLANG_WARN_STRICT_PROTOTYPES = YES;
				CLANG_WARN_SUSPICIOUS_MOVE = YES;
				CLANG_WARN_UNGUARDED_AVAILABILITY = YES_AGGRESSIVE;
				CLANG_WARN_UNREACHABLE_CODE = YES;
				CLANG_WARN__DUPLICATE_METHOD_MATCH = YES;
				COPY_PHASE_STRIP = NO;
				DEBUG_INFORMATION_FORMAT = dwarf;
				ENABLE_STRICT_OBJC_MSGSEND = YES;
				ENABLE_TESTABILITY = YES;
				GCC_C_LANGUAGE_STANDARD = gnu11;
				GCC_DYNAMIC_NO_PIC = NO;
				GCC_NO_COMMON_BLOCKS = YES;
				GCC_OPTIMIZATION_LEVEL = 0;
				GCC_PREPROCESSOR_DEFINITIONS = (
					"DEBUG=1",
					"$(inherited)",
				);
				GCC_WARN_64_TO_32_BIT_CONVERSION = YES;
				GCC_WARN_ABOUT_RETURN_TYPE = YES_ERROR;
				GCC_WARN_UNDECLARED_SELECTOR = YES;
				GCC_WARN_UNINITIALIZED_AUTOS = YES_AGGRESSIVE;
				GCC_WARN_UNUSED_FUNCTION = YES;
				GCC_WARN_UNUSED_VARIABLE = YES;
				IPHONEOS_DEPLOYMENT_TARGET = 16.1;
				MTL_ENABLE_DEBUG_INFO = INCLUDE_SOURCE;
				MTL_FAST_MATH = YES;
				ONLY_ACTIVE_ARCH = YES;
				SDKROOT = iphoneos;
				SWIFT_ACTIVE_COMPILATION_CONDITIONS = DEBUG;
				SWIFT_OPTIMIZATION_LEVEL = "-Onone";
			};
			name = Debug;
		};
		57568A982934934200D65507 /* Release */ = {
			isa = XCBuildConfiguration;
			buildSettings = {
				ALWAYS_SEARCH_USER_PATHS = NO;
				CLANG_ANALYZER_NONNULL = YES;
				CLANG_ANALYZER_NUMBER_OBJECT_CONVERSION = YES_AGGRESSIVE;
				CLANG_CXX_LANGUAGE_STANDARD = "gnu++20";
				CLANG_ENABLE_MODULES = YES;
				CLANG_ENABLE_OBJC_ARC = YES;
				CLANG_ENABLE_OBJC_WEAK = YES;
				CLANG_WARN_BLOCK_CAPTURE_AUTORELEASING = YES;
				CLANG_WARN_BOOL_CONVERSION = YES;
				CLANG_WARN_COMMA = YES;
				CLANG_WARN_CONSTANT_CONVERSION = YES;
				CLANG_WARN_DEPRECATED_OBJC_IMPLEMENTATIONS = YES;
				CLANG_WARN_DIRECT_OBJC_ISA_USAGE = YES_ERROR;
				CLANG_WARN_DOCUMENTATION_COMMENTS = YES;
				CLANG_WARN_EMPTY_BODY = YES;
				CLANG_WARN_ENUM_CONVERSION = YES;
				CLANG_WARN_INFINITE_RECURSION = YES;
				CLANG_WARN_INT_CONVERSION = YES;
				CLANG_WARN_NON_LITERAL_NULL_CONVERSION = YES;
				CLANG_WARN_OBJC_IMPLICIT_RETAIN_SELF = YES;
				CLANG_WARN_OBJC_LITERAL_CONVERSION = YES;
				CLANG_WARN_OBJC_ROOT_CLASS = YES_ERROR;
				CLANG_WARN_QUOTED_INCLUDE_IN_FRAMEWORK_HEADER = YES;
				CLANG_WARN_RANGE_LOOP_ANALYSIS = YES;
				CLANG_WARN_STRICT_PROTOTYPES = YES;
				CLANG_WARN_SUSPICIOUS_MOVE = YES;
				CLANG_WARN_UNGUARDED_AVAILABILITY = YES_AGGRESSIVE;
				CLANG_WARN_UNREACHABLE_CODE = YES;
				CLANG_WARN__DUPLICATE_METHOD_MATCH = YES;
				COPY_PHASE_STRIP = NO;
				DEBUG_INFORMATION_FORMAT = "dwarf-with-dsym";
				ENABLE_NS_ASSERTIONS = NO;
				ENABLE_STRICT_OBJC_MSGSEND = YES;
				GCC_C_LANGUAGE_STANDARD = gnu11;
				GCC_NO_COMMON_BLOCKS = YES;
				GCC_WARN_64_TO_32_BIT_CONVERSION = YES;
				GCC_WARN_ABOUT_RETURN_TYPE = YES_ERROR;
				GCC_WARN_UNDECLARED_SELECTOR = YES;
				GCC_WARN_UNINITIALIZED_AUTOS = YES_AGGRESSIVE;
				GCC_WARN_UNUSED_FUNCTION = YES;
				GCC_WARN_UNUSED_VARIABLE = YES;
				IPHONEOS_DEPLOYMENT_TARGET = 16.1;
				MTL_ENABLE_DEBUG_INFO = NO;
				MTL_FAST_MATH = YES;
				SDKROOT = iphoneos;
				SWIFT_COMPILATION_MODE = wholemodule;
				SWIFT_OPTIMIZATION_LEVEL = "-O";
				VALIDATE_PRODUCT = YES;
			};
			name = Release;
		};
		57568A9A2934934200D65507 /* Debug */ = {
			isa = XCBuildConfiguration;
			buildSettings = {
				ASSETCATALOG_COMPILER_APPICON_NAME = AppIcon;
				ASSETCATALOG_COMPILER_GLOBAL_ACCENT_COLOR_NAME = AccentColor;
				CODE_SIGN_STYLE = Automatic;
				CURRENT_PROJECT_VERSION = 1;
				DEVELOPMENT_TEAM = 5DFZR8RCQR;
				GENERATE_INFOPLIST_FILE = YES;
				INFOPLIST_FILE = sprios_ios/Info.plist;
				INFOPLIST_KEY_NSPhotoLibraryUsageDescription = "";
				INFOPLIST_KEY_UIApplicationSupportsIndirectInputEvents = YES;
				INFOPLIST_KEY_UILaunchStoryboardName = LaunchScreen;
				INFOPLIST_KEY_UIMainStoryboardFile = Main;
				INFOPLIST_KEY_UISupportedInterfaceOrientations_iPad = "UIInterfaceOrientationPortrait UIInterfaceOrientationPortraitUpsideDown UIInterfaceOrientationLandscapeLeft UIInterfaceOrientationLandscapeRight";
				INFOPLIST_KEY_UISupportedInterfaceOrientations_iPhone = "UIInterfaceOrientationPortrait UIInterfaceOrientationLandscapeLeft UIInterfaceOrientationLandscapeRight";
				IPHONEOS_DEPLOYMENT_TARGET = 14.0;
				LD_RUNPATH_SEARCH_PATHS = (
					"$(inherited)",
					"@executable_path/Frameworks",
				);
				MARKETING_VERSION = 1.0;
				PRODUCT_BUNDLE_IDENTIFIER = "kr.ac.tukorea.ce.ios.sprios-ios";
				PRODUCT_NAME = "$(TARGET_NAME)";
				SWIFT_EMIT_LOC_STRINGS = YES;
				SWIFT_VERSION = 5.0;
				TARGETED_DEVICE_FAMILY = "1,2";
			};
			name = Debug;
		};
		57568A9B2934934200D65507 /* Release */ = {
			isa = XCBuildConfiguration;
			buildSettings = {
				ASSETCATALOG_COMPILER_APPICON_NAME = AppIcon;
				ASSETCATALOG_COMPILER_GLOBAL_ACCENT_COLOR_NAME = AccentColor;
				CODE_SIGN_STYLE = Automatic;
				CURRENT_PROJECT_VERSION = 1;
				DEVELOPMENT_TEAM = 5DFZR8RCQR;
				GENERATE_INFOPLIST_FILE = YES;
				INFOPLIST_FILE = sprios_ios/Info.plist;
				INFOPLIST_KEY_NSPhotoLibraryUsageDescription = "";
				INFOPLIST_KEY_UIApplicationSupportsIndirectInputEvents = YES;
				INFOPLIST_KEY_UILaunchStoryboardName = LaunchScreen;
				INFOPLIST_KEY_UIMainStoryboardFile = Main;
				INFOPLIST_KEY_UISupportedInterfaceOrientations_iPad = "UIInterfaceOrientationPortrait UIInterfaceOrientationPortraitUpsideDown UIInterfaceOrientationLandscapeLeft UIInterfaceOrientationLandscapeRight";
				INFOPLIST_KEY_UISupportedInterfaceOrientations_iPhone = "UIInterfaceOrientationPortrait UIInterfaceOrientationLandscapeLeft UIInterfaceOrientationLandscapeRight";
				IPHONEOS_DEPLOYMENT_TARGET = 14.0;
				LD_RUNPATH_SEARCH_PATHS = (
					"$(inherited)",
					"@executable_path/Frameworks",
				);
				MARKETING_VERSION = 1.0;
				PRODUCT_BUNDLE_IDENTIFIER = "kr.ac.tukorea.ce.ios.sprios-ios";
				PRODUCT_NAME = "$(TARGET_NAME)";
				SWIFT_EMIT_LOC_STRINGS = YES;
				SWIFT_VERSION = 5.0;
				TARGETED_DEVICE_FAMILY = "1,2";
			};
			name = Release;
		};
/* End XCBuildConfiguration section */

/* Begin XCConfigurationList section */
		57568A802934934100D65507 /* Build configuration list for PBXProject "sprios_ios" */ = {
			isa = XCConfigurationList;
			buildConfigurations = (
				57568A972934934200D65507 /* Debug */,
				57568A982934934200D65507 /* Release */,
			);
			defaultConfigurationIsVisible = 0;
			defaultConfigurationName = Release;
		};
		57568A992934934200D65507 /* Build configuration list for PBXNativeTarget "sprios_ios" */ = {
			isa = XCConfigurationList;
			buildConfigurations = (
				57568A9A2934934200D65507 /* Debug */,
				57568A9B2934934200D65507 /* Release */,
			);
			defaultConfigurationIsVisible = 0;
			defaultConfigurationName = Release;
		};
/* End XCConfigurationList section */
	};
	rootObject = 57568A7D2934934100D65507 /* Project object */;
}
